
Microsoft Visual Studio Solution File, Format Version 12.00
# Visual Studio Version 17
VisualStudioVersion = 17.0.31903.59
MinimumVisualStudioVersion = 10.0.40219.1
Project("{FAE04EC0-301F-11D3-BF4B-00C04F79EFBC}") = "Joystick_2023_Control", "Joystick_2023_Control\Joystick_2023_Control.csproj", "{549AC39D-C729-4BCC-BDA2-2B3CAB299AA8}"
EndProject
Global
	GlobalSection(SolutionConfigurationPlatforms) = preSolution
		Debug|Any CPU = Debug|Any CPU
		Release|Any CPU = Release|Any CPU
	EndGlobalSection
	GlobalSection(ProjectConfigurationPlatforms) = postSolution
		{549AC39D-C729-4BCC-BDA2-2B3CAB299AA8}.Debug|Any CPU.ActiveCfg = Debug|Any CPU
		{549AC39D-C729-4BCC-BDA2-2B3CAB299AA8}.Debug|Any CPU.Build.0 = Debug|Any CPU
		{549AC39D-C729-4BCC-BDA2-2B3CAB299AA8}.Release|Any CPU.ActiveCfg = Release|Any CPU
		{549AC39D-C729-4BCC-BDA2-2B3CAB299AA8}.Release|Any CPU.Build.0 = Release|Any CPU
	EndGlobalSection
	GlobalSection(SolutionProperties) = preSolution
		HideSolutionNode = FALSE
	EndGlobalSection
	GlobalSection(ExtensibilityGlobals) = postSolution
		SolutionGuid = {BC90D726-A86D-4F14-8449-143C0E6601D2}
	EndGlobalSection
EndGlobal
